
Microsoft Visual Studio Solution File, Format Version 12.00
# Visual Studio Version 16
VisualStudioVersion = 16.0.30320.27
MinimumVisualStudioVersion = 10.0.40219.1
Project("{FAE04EC0-301F-11D3-BF4B-00C04F79EFBC}") = "ShapeUtilLibrary", "ShapeUtilLibrary.csproj", "{B02FA5C7-4B43-4EDD-92E8-03FF869EBFD5}"
EndProject
Global
	GlobalSection(SolutionConfigurationPlatforms) = preSolution
		Debug|Any CPU = Debug|Any CPU
		Release|Any CPU = Release|Any CPU
	EndGlobalSection
	GlobalSection(ProjectConfigurationPlatforms) = postSolution
		{B02FA5C7-4B43-4EDD-92E8-03FF869EBFD5}.Debug|Any CPU.ActiveCfg = Debug|Any CPU
		{B02FA5C7-4B43-4EDD-92E8-03FF869EBFD5}.Debug|Any CPU.Build.0 = Debug|Any CPU
		{B02FA5C7-4B43-4EDD-92E8-03FF869EBFD5}.Release|Any CPU.ActiveCfg = Release|Any CPU
		{B02FA5C7-4B43-4EDD-92E8-03FF869EBFD5}.Release|Any CPU.Build.0 = Release|Any CPU
	EndGlobalSection
	GlobalSection(SolutionProperties) = preSolution
		HideSolutionNode = FALSE
	EndGlobalSection
	GlobalSection(ExtensibilityGlobals) = postSolution
		SolutionGuid = {B785518A-912D-46AE-BD4E-3600C42C0E8C}
	EndGlobalSection
EndGlobal
